// !$*UTF8*$!
{
	archiveVersion = 1;
	classes = {
	};
	objectVersion = 56;
	objects = {

/* Begin PBXBuildFile section */
		3034E98F2B12503E007E9D19 /* ViewController.swift in Sources */ = {isa = PBXBuildFile; fileRef = 30FF6E0A2B0BC4F3002FB6A9 /* ViewController.swift */; };
		3034E9922B125079007E9D19 /* TasksViewControllerTests.swift in Sources */ = {isa = PBXBuildFile; fileRef = 3034E9912B125079007E9D19 /* TasksViewControllerTests.swift */; };
		3034E9932B12EA7F007E9D19 /* SceneDelegate.swift in Sources */ = {isa = PBXBuildFile; fileRef = 30FF6E082B0BC4F3002FB6A9 /* SceneDelegate.swift */; };
		3034E9952B12EA82007E9D19 /* AppDelegate.swift in Sources */ = {isa = PBXBuildFile; fileRef = 30FF6E062B0BC4F3002FB6A9 /* AppDelegate.swift */; };
		3034E9972B12EAB2007E9D19 /* CoreDataSumpleApp.xcdatamodeld in Sources */ = {isa = PBXBuildFile; fileRef = 30FF6E0F2B0BC4F3002FB6A9 /* CoreDataSumpleApp.xcdatamodeld */; };
		30FF6E072B0BC4F3002FB6A9 /* AppDelegate.swift in Sources */ = {isa = PBXBuildFile; fileRef = 30FF6E062B0BC4F3002FB6A9 /* AppDelegate.swift */; };
		30FF6E092B0BC4F3002FB6A9 /* SceneDelegate.swift in Sources */ = {isa = PBXBuildFile; fileRef = 30FF6E082B0BC4F3002FB6A9 /* SceneDelegate.swift */; };
		30FF6E0B2B0BC4F3002FB6A9 /* ViewController.swift in Sources */ = {isa = PBXBuildFile; fileRef = 30FF6E0A2B0BC4F3002FB6A9 /* ViewController.swift */; };
		30FF6E0E2B0BC4F3002FB6A9 /* Main.storyboard in Resources */ = {isa = PBXBuildFile; fileRef = 30FF6E0C2B0BC4F3002FB6A9 /* Main.storyboard */; };
		30FF6E112B0BC4F3002FB6A9 /* CoreDataSumpleApp.xcdatamodeld in Sources */ = {isa = PBXBuildFile; fileRef = 30FF6E0F2B0BC4F3002FB6A9 /* CoreDataSumpleApp.xcdatamodeld */; };
		30FF6E132B0BC4F4002FB6A9 /* Assets.xcassets in Resources */ = {isa = PBXBuildFile; fileRef = 30FF6E122B0BC4F4002FB6A9 /* Assets.xcassets */; };
		30FF6E162B0BC4F4002FB6A9 /* LaunchScreen.storyboard in Resources */ = {isa = PBXBuildFile; fileRef = 30FF6E142B0BC4F4002FB6A9 /* LaunchScreen.storyboard */; };
		30FF6E222B0BC4F4002FB6A9 /* CoreDataSumpleAppTests.swift in Sources */ = {isa = PBXBuildFile; fileRef = 30FF6E212B0BC4F4002FB6A9 /* CoreDataSumpleAppTests.swift */; };
		30FF6E2C2B0BC4F4002FB6A9 /* CoreDataSumpleAppUITests.swift in Sources */ = {isa = PBXBuildFile; fileRef = 30FF6E2B2B0BC4F4002FB6A9 /* CoreDataSumpleAppUITests.swift */; };
		30FF6E2E2B0BC4F4002FB6A9 /* CoreDataSumpleAppUITestsLaunchTests.swift in Sources */ = {isa = PBXBuildFile; fileRef = 30FF6E2D2B0BC4F4002FB6A9 /* CoreDataSumpleAppUITestsLaunchTests.swift */; };
/* End PBXBuildFile section */

/* Begin PBXContainerItemProxy section */
		30FF6E1E2B0BC4F4002FB6A9 /* PBXContainerItemProxy */ = {
			isa = PBXContainerItemProxy;
			containerPortal = 30FF6DFB2B0BC4F3002FB6A9 /* Project object */;
			proxyType = 1;
			remoteGlobalIDString = 30FF6E022B0BC4F3002FB6A9;
			remoteInfo = CoreDataSumpleApp;
		};
		30FF6E282B0BC4F4002FB6A9 /* PBXContainerItemProxy */ = {
			isa = PBXContainerItemProxy;
			containerPortal = 30FF6DFB2B0BC4F3002FB6A9 /* Project object */;
			proxyType = 1;
			remoteGlobalIDString = 30FF6E022B0BC4F3002FB6A9;
			remoteInfo = CoreDataSumpleApp;
		};
/* End PBXContainerItemProxy section */

/* Begin PBXFileReference section */
		3034E9912B125079007E9D19 /* TasksViewControllerTests.swift */ = {isa = PBXFileReference; lastKnownFileType = sourcecode.swift; path = TasksViewControllerTests.swift; sourceTree = "<group>"; };
		30FF6E032B0BC4F3002FB6A9 /* CoreDataSumpleApp.app */ = {isa = PBXFileReference; explicitFileType = wrapper.application; includeInIndex = 0; path = CoreDataSumpleApp.app; sourceTree = BUILT_PRODUCTS_DIR; };
		30FF6E062B0BC4F3002FB6A9 /* AppDelegate.swift */ = {isa = PBXFileReference; lastKnownFileType = sourcecode.swift; path = AppDelegate.swift; sourceTree = "<group>"; };
		30FF6E082B0BC4F3002FB6A9 /* SceneDelegate.swift */ = {isa = PBXFileReference; lastKnownFileType = sourcecode.swift; path = SceneDelegate.swift; sourceTree = "<group>"; };
		30FF6E0A2B0BC4F3002FB6A9 /* ViewController.swift */ = {isa = PBXFileReference; lastKnownFileType = sourcecode.swift; path = ViewController.swift; sourceTree = "<group>"; };
		30FF6E0D2B0BC4F3002FB6A9 /* Base */ = {isa = PBXFileReference; lastKnownFileType = file.storyboard; name = Base; path = Base.lproj/Main.storyboard; sourceTree = "<group>"; };
		30FF6E102B0BC4F3002FB6A9 /* CoreDataSumpleApp.xcdatamodel */ = {isa = PBXFileReference; lastKnownFileType = wrapper.xcdatamodel; path = CoreDataSumpleApp.xcdatamodel; sourceTree = "<group>"; };
		30FF6E122B0BC4F4002FB6A9 /* Assets.xcassets */ = {isa = PBXFileReference; lastKnownFileType = folder.assetcatalog; path = Assets.xcassets; sourceTree = "<group>"; };
		30FF6E152B0BC4F4002FB6A9 /* Base */ = {isa = PBXFileReference; lastKnownFileType = file.storyboard; name = Base; path = Base.lproj/LaunchScreen.storyboard; sourceTree = "<group>"; };
		30FF6E172B0BC4F4002FB6A9 /* CoreDataSumpleApp.entitlements */ = {isa = PBXFileReference; lastKnownFileType = text.plist.entitlements; path = CoreDataSumpleApp.entitlements; sourceTree = "<group>"; };
		30FF6E182B0BC4F4002FB6A9 /* Info.plist */ = {isa = PBXFileReference; lastKnownFileType = text.plist.xml; path = Info.plist; sourceTree = "<group>"; };
		30FF6E1D2B0BC4F4002FB6A9 /* CoreDataSumpleAppTests.xctest */ = {isa = PBXFileReference; explicitFileType = wrapper.cfbundle; includeInIndex = 0; path = CoreDataSumpleAppTests.xctest; sourceTree = BUILT_PRODUCTS_DIR; };
		30FF6E212B0BC4F4002FB6A9 /* CoreDataSumpleAppTests.swift */ = {isa = PBXFileReference; lastKnownFileType = sourcecode.swift; path = CoreDataSumpleAppTests.swift; sourceTree = "<group>"; };
		30FF6E272B0BC4F4002FB6A9 /* CoreDataSumpleAppUITests.xctest */ = {isa = PBXFileReference; explicitFileType = wrapper.cfbundle; includeInIndex = 0; path = CoreDataSumpleAppUITests.xctest; sourceTree = BUILT_PRODUCTS_DIR; };
		30FF6E2B2B0BC4F4002FB6A9 /* CoreDataSumpleAppUITests.swift */ = {isa = PBXFileReference; lastKnownFileType = sourcecode.swift; path = CoreDataSumpleAppUITests.swift; sourceTree = "<group>"; };
		30FF6E2D2B0BC4F4002FB6A9 /* CoreDataSumpleAppUITestsLaunchTests.swift */ = {isa = PBXFileReference; lastKnownFileType = sourcecode.swift; path = CoreDataSumpleAppUITestsLaunchTests.swift; sourceTree = "<group>"; };
/* End PBXFileReference section */

/* Begin PBXFrameworksBuildPhase section */
		30FF6E002B0BC4F3002FB6A9 /* Frameworks */ = {
			isa = PBXFrameworksBuildPhase;
			buildActionMask = 2147483647;
			files = (
			);
			runOnlyForDeploymentPostprocessing = 0;
		};
		30FF6E1A2B0BC4F4002FB6A9 /* Frameworks */ = {
			isa = PBXFrameworksBuildPhase;
			buildActionMask = 2147483647;
			files = (
			);
			runOnlyForDeploymentPostprocessing = 0;
		};
		30FF6E242B0BC4F4002FB6A9 /* Frameworks */ = {
			isa = PBXFrameworksBuildPhase;
			buildActionMask = 2147483647;
			files = (
			);
			runOnlyForDeploymentPostprocessing = 0;
		};
/* End PBXFrameworksBuildPhase section */

/* Begin PBXGroup section */
		30FF6DFA2B0BC4F3002FB6A9 = {
			isa = PBXGroup;
			children = (
				30FF6E052B0BC4F3002FB6A9 /* CoreDataSumpleApp */,
				30FF6E202B0BC4F4002FB6A9 /* CoreDataSumpleAppTests */,
				30FF6E2A2B0BC4F4002FB6A9 /* CoreDataSumpleAppUITests */,
				30FF6E042B0BC4F3002FB6A9 /* Products */,
			);
			sourceTree = "<group>";
		};
		30FF6E042B0BC4F3002FB6A9 /* Products */ = {
			isa = PBXGroup;
			children = (
				30FF6E032B0BC4F3002FB6A9 /* CoreDataSumpleApp.app */,
				30FF6E1D2B0BC4F4002FB6A9 /* CoreDataSumpleAppTests.xctest */,
				30FF6E272B0BC4F4002FB6A9 /* CoreDataSumpleAppUITests.xctest */,
			);
			name = Products;
			sourceTree = "<group>";
		};
		30FF6E052B0BC4F3002FB6A9 /* CoreDataSumpleApp */ = {
			isa = PBXGroup;
			children = (
				30FF6E062B0BC4F3002FB6A9 /* AppDelegate.swift */,
				30FF6E082B0BC4F3002FB6A9 /* SceneDelegate.swift */,
				30FF6E0A2B0BC4F3002FB6A9 /* ViewController.swift */,
				30FF6E0C2B0BC4F3002FB6A9 /* Main.storyboard */,
				30FF6E122B0BC4F4002FB6A9 /* Assets.xcassets */,
				30FF6E142B0BC4F4002FB6A9 /* LaunchScreen.storyboard */,
				30FF6E172B0BC4F4002FB6A9 /* CoreDataSumpleApp.entitlements */,
				30FF6E182B0BC4F4002FB6A9 /* Info.plist */,
				30FF6E0F2B0BC4F3002FB6A9 /* CoreDataSumpleApp.xcdatamodeld */,
			);
			path = CoreDataSumpleApp;
			sourceTree = "<group>";
		};
		30FF6E202B0BC4F4002FB6A9 /* CoreDataSumpleAppTests */ = {
			isa = PBXGroup;
			children = (
				30FF6E212B0BC4F4002FB6A9 /* CoreDataSumpleAppTests.swift */,
				3034E9912B125079007E9D19 /* TasksViewControllerTests.swift */,
			);
			path = CoreDataSumpleAppTests;
			sourceTree = "<group>";
		};
		30FF6E2A2B0BC4F4002FB6A9 /* CoreDataSumpleAppUITests */ = {
			isa = PBXGroup;
			children = (
				30FF6E2B2B0BC4F4002FB6A9 /* CoreDataSumpleAppUITests.swift */,
				30FF6E2D2B0BC4F4002FB6A9 /* CoreDataSumpleAppUITestsLaunchTests.swift */,
			);
			path = CoreDataSumpleAppUITests;
			sourceTree = "<group>";
		};
/* End PBXGroup section */

/* Begin PBXNativeTarget section */
		30FF6E022B0BC4F3002FB6A9 /* CoreDataSumpleApp */ = {
			isa = PBXNativeTarget;
			buildConfigurationList = 30FF6E312B0BC4F4002FB6A9 /* Build configuration list for PBXNativeTarget "CoreDataSumpleApp" */;
			buildPhases = (
				30FF6DFF2B0BC4F3002FB6A9 /* Sources */,
				30FF6E002B0BC4F3002FB6A9 /* Frameworks */,
				30FF6E012B0BC4F3002FB6A9 /* Resources */,
			);
			buildRules = (
			);
			dependencies = (
			);
			name = CoreDataSumpleApp;
			packageProductDependencies = (
			);
			productName = CoreDataSumpleApp;
			productReference = 30FF6E032B0BC4F3002FB6A9 /* CoreDataSumpleApp.app */;
			productType = "com.apple.product-type.application";
		};
		30FF6E1C2B0BC4F4002FB6A9 /* CoreDataSumpleAppTests */ = {
			isa = PBXNativeTarget;
			buildConfigurationList = 30FF6E342B0BC4F4002FB6A9 /* Build configuration list for PBXNativeTarget "CoreDataSumpleAppTests" */;
			buildPhases = (
				30FF6E192B0BC4F4002FB6A9 /* Sources */,
				30FF6E1A2B0BC4F4002FB6A9 /* Frameworks */,
				30FF6E1B2B0BC4F4002FB6A9 /* Resources */,
			);
			buildRules = (
			);
			dependencies = (
				30FF6E1F2B0BC4F4002FB6A9 /* PBXTargetDependency */,
			);
			name = CoreDataSumpleAppTests;
			productName = CoreDataSumpleAppTests;
			productReference = 30FF6E1D2B0BC4F4002FB6A9 /* CoreDataSumpleAppTests.xctest */;
			productType = "com.apple.product-type.bundle.unit-test";
		};
		30FF6E262B0BC4F4002FB6A9 /* CoreDataSumpleAppUITests */ = {
			isa = PBXNativeTarget;
			buildConfigurationList = 30FF6E372B0BC4F4002FB6A9 /* Build configuration list for PBXNativeTarget "CoreDataSumpleAppUITests" */;
			buildPhases = (
				30FF6E232B0BC4F4002FB6A9 /* Sources */,
				30FF6E242B0BC4F4002FB6A9 /* Frameworks */,
				30FF6E252B0BC4F4002FB6A9 /* Resources */,
			);
			buildRules = (
			);
			dependencies = (
				30FF6E292B0BC4F4002FB6A9 /* PBXTargetDependency */,
			);
			name = CoreDataSumpleAppUITests;
			productName = CoreDataSumpleAppUITests;
			productReference = 30FF6E272B0BC4F4002FB6A9 /* CoreDataSumpleAppUITests.xctest */;
			productType = "com.apple.product-type.bundle.ui-testing";
		};
/* End PBXNativeTarget section */

/* Begin PBXProject section */
		30FF6DFB2B0BC4F3002FB6A9 /* Project object */ = {
			isa = PBXProject;
			attributes = {
				BuildIndependentTargetsInParallel = 1;
				LastSwiftUpdateCheck = 1500;
				LastUpgradeCheck = 1500;
				TargetAttributes = {
					30FF6E022B0BC4F3002FB6A9 = {
						CreatedOnToolsVersion = 15.0;
					};
					30FF6E1C2B0BC4F4002FB6A9 = {
						CreatedOnToolsVersion = 15.0;
						TestTargetID = 30FF6E022B0BC4F3002FB6A9;
					};
					30FF6E262B0BC4F4002FB6A9 = {
						CreatedOnToolsVersion = 15.0;
						TestTargetID = 30FF6E022B0BC4F3002FB6A9;
					};
				};
			};
			buildConfigurationList = 30FF6DFE2B0BC4F3002FB6A9 /* Build configuration list for PBXProject "CoreDataSumpleApp" */;
			compatibilityVersion = "Xcode 14.0";
			developmentRegion = en;
			hasScannedForEncodings = 0;
			knownRegions = (
				en,
				Base,
			);
			mainGroup = 30FF6DFA2B0BC4F3002FB6A9;
			packageReferences = (
			);
			productRefGroup = 30FF6E042B0BC4F3002FB6A9 /* Products */;
			projectDirPath = "";
			projectRoot = "";
			targets = (
				30FF6E022B0BC4F3002FB6A9 /* CoreDataSumpleApp */,
				30FF6E1C2B0BC4F4002FB6A9 /* CoreDataSumpleAppTests */,
				30FF6E262B0BC4F4002FB6A9 /* CoreDataSumpleAppUITests */,
			);
		};
/* End PBXProject section */

/* Begin PBXResourcesBuildPhase section */
		30FF6E012B0BC4F3002FB6A9 /* Resources */ = {
			isa = PBXResourcesBuildPhase;
			buildActionMask = 2147483647;
			files = (
				30FF6E162B0BC4F4002FB6A9 /* LaunchScreen.storyboard in Resources */,
				30FF6E132B0BC4F4002FB6A9 /* Assets.xcassets in Resources */,
				30FF6E0E2B0BC4F3002FB6A9 /* Main.storyboard in Resources */,
			);
			runOnlyForDeploymentPostprocessing = 0;
		};
		30FF6E1B2B0BC4F4002FB6A9 /* Resources */ = {
			isa = PBXResourcesBuildPhase;
			buildActionMask = 2147483647;
			files = (
			);
			runOnlyForDeploymentPostprocessing = 0;
		};
		30FF6E252B0BC4F4002FB6A9 /* Resources */ = {
			isa = PBXResourcesBuildPhase;
			buildActionMask = 2147483647;
			files = (
			);
			runOnlyForDeploymentPostprocessing = 0;
		};
/* End PBXResourcesBuildPhase section */

/* Begin PBXSourcesBuildPhase section */
		30FF6DFF2B0BC4F3002FB6A9 /* Sources */ = {
			isa = PBXSourcesBuildPhase;
			buildActionMask = 2147483647;
			files = (
				30FF6E112B0BC4F3002FB6A9 /* CoreDataSumpleApp.xcdatamodeld in Sources */,
				30FF6E0B2B0BC4F3002FB6A9 /* ViewController.swift in Sources */,
				30FF6E072B0BC4F3002FB6A9 /* AppDelegate.swift in Sources */,
				30FF6E092B0BC4F3002FB6A9 /* SceneDelegate.swift in Sources */,
			);
			runOnlyForDeploymentPostprocessing = 0;
		};
		30FF6E192B0BC4F4002FB6A9 /* Sources */ = {
			isa = PBXSourcesBuildPhase;
			buildActionMask = 2147483647;
			files = (
				3034E98F2B12503E007E9D19 /* ViewController.swift in Sources */,
				3034E9922B125079007E9D19 /* TasksViewControllerTests.swift in Sources */,
				3034E9972B12EAB2007E9D19 /* CoreDataSumpleApp.xcdatamodeld in Sources */,
				30FF6E222B0BC4F4002FB6A9 /* CoreDataSumpleAppTests.swift in Sources */,
				3034E9952B12EA82007E9D19 /* AppDelegate.swift in Sources */,
				3034E9932B12EA7F007E9D19 /* SceneDelegate.swift in Sources */,
			);
			runOnlyForDeploymentPostprocessing = 0;
		};
		30FF6E232B0BC4F4002FB6A9 /* Sources */ = {
			isa = PBXSourcesBuildPhase;
			buildActionMask = 2147483647;
			files = (
				30FF6E2C2B0BC4F4002FB6A9 /* CoreDataSumpleAppUITests.swift in Sources */,
				30FF6E2E2B0BC4F4002FB6A9 /* CoreDataSumpleAppUITestsLaunchTests.swift in Sources */,
			);
			runOnlyForDeploymentPostprocessing = 0;
		};
/* End PBXSourcesBuildPhase section */

/* Begin PBXTargetDependency section */
		30FF6E1F2B0BC4F4002FB6A9 /* PBXTargetDependency */ = {
			isa = PBXTargetDependency;
			target = 30FF6E022B0BC4F3002FB6A9 /* CoreDataSumpleApp */;
			targetProxy = 30FF6E1E2B0BC4F4002FB6A9 /* PBXContainerItemProxy */;
		};
		30FF6E292B0BC4F4002FB6A9 /* PBXTargetDependency */ = {
			isa = PBXTargetDependency;
			target = 30FF6E022B0BC4F3002FB6A9 /* CoreDataSumpleApp */;
			targetProxy = 30FF6E282B0BC4F4002FB6A9 /* PBXContainerItemProxy */;
		};
/* End PBXTargetDependency section */

/* Begin PBXVariantGroup section */
		30FF6E0C2B0BC4F3002FB6A9 /* Main.storyboard */ = {
			isa = PBXVariantGroup;
			children = (
				30FF6E0D2B0BC4F3002FB6A9 /* Base */,
			);
			name = Main.storyboard;
			sourceTree = "<group>";
		};
		30FF6E142B0BC4F4002FB6A9 /* LaunchScreen.storyboard */ = {
			isa = PBXVariantGroup;
			children = (
				30FF6E152B0BC4F4002FB6A9 /* Base */,
			);
			name = LaunchScreen.storyboard;
			sourceTree = "<group>";
		};
/* End PBXVariantGroup section */

/* Begin XCBuildConfiguration section */
		30FF6E2F2B0BC4F4002FB6A9 /* Debug */ = {
			isa = XCBuildConfiguration;
			buildSettings = {
				ALWAYS_SEARCH_USER_PATHS = NO;
				ASSETCATALOG_COMPILER_GENERATE_SWIFT_ASSET_SYMBOL_EXTENSIONS = YES;
				CLANG_ANALYZER_NONNULL = YES;
				CLANG_ANALYZER_NUMBER_OBJECT_CONVERSION = YES_AGGRESSIVE;
				CLANG_CXX_LANGUAGE_STANDARD = "gnu++20";
				CLANG_ENABLE_MODULES = YES;
				CLANG_ENABLE_OBJC_ARC = YES;
				CLANG_ENABLE_OBJC_WEAK = YES;
				CLANG_WARN_BLOCK_CAPTURE_AUTORELEASING = YES;
				CLANG_WARN_BOOL_CONVERSION = YES;
				CLANG_WARN_COMMA = YES;
				CLANG_WARN_CONSTANT_CONVERSION = YES;
				CLANG_WARN_DEPRECATED_OBJC_IMPLEMENTATIONS = YES;
				CLANG_WARN_DIRECT_OBJC_ISA_USAGE = YES_ERROR;
				CLANG_WARN_DOCUMENTATION_COMMENTS = YES;
				CLANG_WARN_EMPTY_BODY = YES;
				CLANG_WARN_ENUM_CONVERSION = YES;
				CLANG_WARN_INFINITE_RECURSION = YES;
				CLANG_WARN_INT_CONVERSION = YES;
				CLANG_WARN_NON_LITERAL_NULL_CONVERSION = YES;
				CLANG_WARN_OBJC_IMPLICIT_RETAIN_SELF = YES;
				CLANG_WARN_OBJC_LITERAL_CONVERSION = YES;
				CLANG_WARN_OBJC_ROOT_CLASS = YES_ERROR;
				CLANG_WARN_QUOTED_INCLUDE_IN_FRAMEWORK_HEADER = YES;
				CLANG_WARN_RANGE_LOOP_ANALYSIS = YES;
				CLANG_WARN_STRICT_PROTOTYPES = YES;
				CLANG_WARN_SUSPICIOUS_MOVE = YES;
				CLANG_WARN_UNGUARDED_AVAILABILITY = YES_AGGRESSIVE;
				CLANG_WARN_UNREACHABLE_CODE = YES;
				CLANG_WARN__DUPLICATE_METHOD_MATCH = YES;
				COPY_PHASE_STRIP = NO;
				DEBUG_INFORMATION_FORMAT = dwarf;
				ENABLE_STRICT_OBJC_MSGSEND = YES;
				ENABLE_TESTABILITY = YES;
				ENABLE_USER_SCRIPT_SANDBOXING = YES;
				GCC_C_LANGUAGE_STANDARD = gnu17;
				GCC_DYNAMIC_NO_PIC = NO;
				GCC_NO_COMMON_BLOCKS = YES;
				GCC_OPTIMIZATION_LEVEL = 0;
				GCC_PREPROCESSOR_DEFINITIONS = (
					"DEBUG=1",
					"$(inherited)",
				);
				GCC_WARN_64_TO_32_BIT_CONVERSION = YES;
				GCC_WARN_ABOUT_RETURN_TYPE = YES_ERROR;
				GCC_WARN_UNDECLARED_SELECTOR = YES;
				GCC_WARN_UNINITIALIZED_AUTOS = YES_AGGRESSIVE;
				GCC_WARN_UNUSED_FUNCTION = YES;
				GCC_WARN_UNUSED_VARIABLE = YES;
				IPHONEOS_DEPLOYMENT_TARGET = 17.0;
				LOCALIZATION_PREFERS_STRING_CATALOGS = YES;
				MTL_ENABLE_DEBUG_INFO = INCLUDE_SOURCE;
				MTL_FAST_MATH = YES;
				ONLY_ACTIVE_ARCH = YES;
				SDKROOT = iphoneos;
				SWIFT_ACTIVE_COMPILATION_CONDITIONS = "DEBUG $(inherited)";
				SWIFT_OPTIMIZATION_LEVEL = "-Onone";
			};
			name = Debug;
		};
		30FF6E302B0BC4F4002FB6A9 /* Release */ = {
			isa = XCBuildConfiguration;
			buildSettings = {
				ALWAYS_SEARCH_USER_PATHS = NO;
				ASSETCATALOG_COMPILER_GENERATE_SWIFT_ASSET_SYMBOL_EXTENSIONS = YES;
				CLANG_ANALYZER_NONNULL = YES;
				CLANG_ANALYZER_NUMBER_OBJECT_CONVERSION = YES_AGGRESSIVE;
				CLANG_CXX_LANGUAGE_STANDARD = "gnu++20";
				CLANG_ENABLE_MODULES = YES;
				CLANG_ENABLE_OBJC_ARC = YES;
				CLANG_ENABLE_OBJC_WEAK = YES;
				CLANG_WARN_BLOCK_CAPTURE_AUTORELEASING = YES;
				CLANG_WARN_BOOL_CONVERSION = YES;
				CLANG_WARN_COMMA = YES;
				CLANG_WARN_CONSTANT_CONVERSION = YES;
				CLANG_WARN_DEPRECATED_OBJC_IMPLEMENTATIONS = YES;
				CLANG_WARN_DIRECT_OBJC_ISA_USAGE = YES_ERROR;
				CLANG_WARN_DOCUMENTATION_COMMENTS = YES;
				CLANG_WARN_EMPTY_BODY = YES;
				CLANG_WARN_ENUM_CONVERSION = YES;
				CLANG_WARN_INFINITE_RECURSION = YES;
				CLANG_WARN_INT_CONVERSION = YES;
				CLANG_WARN_NON_LITERAL_NULL_CONVERSION = YES;
				CLANG_WARN_OBJC_IMPLICIT_RETAIN_SELF = YES;
				CLANG_WARN_OBJC_LITERAL_CONVERSION = YES;
				CLANG_WARN_OBJC_ROOT_CLASS = YES_ERROR;
				CLANG_WARN_QUOTED_INCLUDE_IN_FRAMEWORK_HEADER = YES;
				CLANG_WARN_RANGE_LOOP_ANALYSIS = YES;
				CLANG_WARN_STRICT_PROTOTYPES = YES;
				CLANG_WARN_SUSPICIOUS_MOVE = YES;
				CLANG_WARN_UNGUARDED_AVAILABILITY = YES_AGGRESSIVE;
				CLANG_WARN_UNREACHABLE_CODE = YES;
				CLANG_WARN__DUPLICATE_METHOD_MATCH = YES;
				COPY_PHASE_STRIP = NO;
				DEBUG_INFORMATION_FORMAT = "dwarf-with-dsym";
				ENABLE_NS_ASSERTIONS = NO;
				ENABLE_STRICT_OBJC_MSGSEND = YES;
				ENABLE_USER_SCRIPT_SANDBOXING = YES;
				GCC_C_LANGUAGE_STANDARD = gnu17;
				GCC_NO_COMMON_BLOCKS = YES;
				GCC_WARN_64_TO_32_BIT_CONVERSION = YES;
				GCC_WARN_ABOUT_RETURN_TYPE = YES_ERROR;
				GCC_WARN_UNDECLARED_SELECTOR = YES;
				GCC_WARN_UNINITIALIZED_AUTOS = YES_AGGRESSIVE;
				GCC_WARN_UNUSED_FUNCTION = YES;
				GCC_WARN_UNUSED_VARIABLE = YES;
				IPHONEOS_DEPLOYMENT_TARGET = 17.0;
				LOCALIZATION_PREFERS_STRING_CATALOGS = YES;
				MTL_ENABLE_DEBUG_INFO = NO;
				MTL_FAST_MATH = YES;
				SDKROOT = iphoneos;
				SWIFT_COMPILATION_MODE = wholemodule;
				VALIDATE_PRODUCT = YES;
			};
			name = Release;
		};
		30FF6E322B0BC4F4002FB6A9 /* Debug */ = {
			isa = XCBuildConfiguration;
			buildSettings = {
				ASSETCATALOG_COMPILER_APPICON_NAME = AppIcon;
				ASSETCATALOG_COMPILER_GLOBAL_ACCENT_COLOR_NAME = AccentColor;
				CODE_SIGN_ENTITLEMENTS = CoreDataSumpleApp/CoreDataSumpleApp.entitlements;
				CODE_SIGN_STYLE = Automatic;
				CURRENT_PROJECT_VERSION = 1;
				DEVELOPMENT_TEAM = V9WZ4ZJY7A;
				GENERATE_INFOPLIST_FILE = YES;
				INFOPLIST_FILE = CoreDataSumpleApp/Info.plist;
				INFOPLIST_KEY_UIApplicationSupportsIndirectInputEvents = YES;
				INFOPLIST_KEY_UILaunchStoryboardName = LaunchScreen;
				INFOPLIST_KEY_UIMainStoryboardFile = Main;
				INFOPLIST_KEY_UISupportedInterfaceOrientations_iPad = "UIInterfaceOrientationPortrait UIInterfaceOrientationPortraitUpsideDown UIInterfaceOrientationLandscapeLeft UIInterfaceOrientationLandscapeRight";
				INFOPLIST_KEY_UISupportedInterfaceOrientations_iPhone = "UIInterfaceOrientationPortrait UIInterfaceOrientationLandscapeLeft UIInterfaceOrientationLandscapeRight";
				LD_RUNPATH_SEARCH_PATHS = (
					"$(inherited)",
					"@executable_path/Frameworks",
				);
				MARKETING_VERSION = 1.0;
				PRODUCT_BUNDLE_IDENTIFIER = com.example.CoreDataSumpleApp;
				PRODUCT_NAME = "$(TARGET_NAME)";
				SWIFT_EMIT_LOC_STRINGS = YES;
				SWIFT_VERSION = 5.0;
				TARGETED_DEVICE_FAMILY = "1,2";
			};
			name = Debug;
		};
		30FF6E332B0BC4F4002FB6A9 /* Release */ = {
			isa = XCBuildConfiguration;
			buildSettings = {
				ASSETCATALOG_COMPILER_APPICON_NAME = AppIcon;
				ASSETCATALOG_COMPILER_GLOBAL_ACCENT_COLOR_NAME = AccentColor;
				CODE_SIGN_ENTITLEMENTS = CoreDataSumpleApp/CoreDataSumpleApp.entitlements;
				CODE_SIGN_STYLE = Automatic;
				CURRENT_PROJECT_VERSION = 1;
				DEVELOPMENT_TEAM = V9WZ4ZJY7A;
				GENERATE_INFOPLIST_FILE = YES;
				INFOPLIST_FILE = CoreDataSumpleApp/Info.plist;
				INFOPLIST_KEY_UIApplicationSupportsIndirectInputEvents = YES;
				INFOPLIST_KEY_UILaunchStoryboardName = LaunchScreen;
				INFOPLIST_KEY_UIMainStoryboardFile = Main;
				INFOPLIST_KEY_UISupportedInterfaceOrientations_iPad = "UIInterfaceOrientationPortrait UIInterfaceOrientationPortraitUpsideDown UIInterfaceOrientationLandscapeLeft UIInterfaceOrientationLandscapeRight";
				INFOPLIST_KEY_UISupportedInterfaceOrientations_iPhone = "UIInterfaceOrientationPortrait UIInterfaceOrientationLandscapeLeft UIInterfaceOrientationLandscapeRight";
				LD_RUNPATH_SEARCH_PATHS = (
					"$(inherited)",
					"@executable_path/Frameworks",
				);
				MARKETING_VERSION = 1.0;
				PRODUCT_BUNDLE_IDENTIFIER = com.example.CoreDataSumpleApp;
				PRODUCT_NAME = "$(TARGET_NAME)";
				SWIFT_EMIT_LOC_STRINGS = YES;
				SWIFT_VERSION = 5.0;
				TARGETED_DEVICE_FAMILY = "1,2";
			};
			name = Release;
		};
		30FF6E352B0BC4F4002FB6A9 /* Debug */ = {
			isa = XCBuildConfiguration;
			buildSettings = {
				ALWAYS_EMBED_SWIFT_STANDARD_LIBRARIES = YES;
				BUNDLE_LOADER = "$(TEST_HOST)";
				CODE_SIGN_STYLE = Automatic;
				CURRENT_PROJECT_VERSION = 1;
				DEVELOPMENT_TEAM = V9WZ4ZJY7A;
				GENERATE_INFOPLIST_FILE = YES;
				IPHONEOS_DEPLOYMENT_TARGET = 17.0;
				MARKETING_VERSION = 1.0;
				PRODUCT_BUNDLE_IDENTIFIER = com.example.CoreDataSumpleAppTests;
				PRODUCT_NAME = "$(TARGET_NAME)";
				SWIFT_EMIT_LOC_STRINGS = NO;
				SWIFT_VERSION = 5.0;
				TARGETED_DEVICE_FAMILY = "1,2";
				TEST_HOST = "$(BUILT_PRODUCTS_DIR)/CoreDataSumpleApp.app/$(BUNDLE_EXECUTABLE_FOLDER_PATH)/CoreDataSumpleApp";
			};
			name = Debug;
		};
		30FF6E362B0BC4F4002FB6A9 /* Release */ = {
			isa = XCBuildConfiguration;
			buildSettings = {
				ALWAYS_EMBED_SWIFT_STANDARD_LIBRARIES = YES;
				BUNDLE_LOADER = "$(TEST_HOST)";
				CODE_SIGN_STYLE = Automatic;
				CURRENT_PROJECT_VERSION = 1;
				DEVELOPMENT_TEAM = V9WZ4ZJY7A;
				GENERATE_INFOPLIST_FILE = YES;
				IPHONEOS_DEPLOYMENT_TARGET = 17.0;
				MARKETING_VERSION = 1.0;
				PRODUCT_BUNDLE_IDENTIFIER = com.example.CoreDataSumpleAppTests;
				PRODUCT_NAME = "$(TARGET_NAME)";
				SWIFT_EMIT_LOC_STRINGS = NO;
				SWIFT_VERSION = 5.0;
				TARGETED_DEVICE_FAMILY = "1,2";
				TEST_HOST = "$(BUILT_PRODUCTS_DIR)/CoreDataSumpleApp.app/$(BUNDLE_EXECUTABLE_FOLDER_PATH)/CoreDataSumpleApp";
			};
			name = Release;
		};
		30FF6E382B0BC4F4002FB6A9 /* Debug */ = {
			isa = XCBuildConfiguration;
			buildSettings = {
				ALWAYS_EMBED_SWIFT_STANDARD_LIBRARIES = YES;
				CODE_SIGN_STYLE = Automatic;
				CURRENT_PROJECT_VERSION = 1;
				DEVELOPMENT_TEAM = V9WZ4ZJY7A;
				GENERATE_INFOPLIST_FILE = YES;
				MARKETING_VERSION = 1.0;
				PRODUCT_BUNDLE_IDENTIFIER = com.example.CoreDataSumpleAppUITests;
				PRODUCT_NAME = "$(TARGET_NAME)";
				SWIFT_EMIT_LOC_STRINGS = NO;
				SWIFT_VERSION = 5.0;
				TARGETED_DEVICE_FAMILY = "1,2";
				TEST_TARGET_NAME = CoreDataSumpleApp;
			};
			name = Debug;
		};
		30FF6E392B0BC4F4002FB6A9 /* Release */ = {
			isa = XCBuildConfiguration;
			buildSettings = {
				ALWAYS_EMBED_SWIFT_STANDARD_LIBRARIES = YES;
				CODE_SIGN_STYLE = Automatic;
				CURRENT_PROJECT_VERSION = 1;
				DEVELOPMENT_TEAM = V9WZ4ZJY7A;
				GENERATE_INFOPLIST_FILE = YES;
				MARKETING_VERSION = 1.0;
				PRODUCT_BUNDLE_IDENTIFIER = com.example.CoreDataSumpleAppUITests;
				PRODUCT_NAME = "$(TARGET_NAME)";
				SWIFT_EMIT_LOC_STRINGS = NO;
				SWIFT_VERSION = 5.0;
				TARGETED_DEVICE_FAMILY = "1,2";
				TEST_TARGET_NAME = CoreDataSumpleApp;
			};
			name = Release;
		};
/* End XCBuildConfiguration section */

/* Begin XCConfigurationList section */
		30FF6DFE2B0BC4F3002FB6A9 /* Build configuration list for PBXProject "CoreDataSumpleApp" */ = {
			isa = XCConfigurationList;
			buildConfigurations = (
				30FF6E2F2B0BC4F4002FB6A9 /* Debug */,
				30FF6E302B0BC4F4002FB6A9 /* Release */,
			);
			defaultConfigurationIsVisible = 0;
			defaultConfigurationName = Release;
		};
		30FF6E312B0BC4F4002FB6A9 /* Build configuration list for PBXNativeTarget "CoreDataSumpleApp" */ = {
			isa = XCConfigurationList;
			buildConfigurations = (
				30FF6E322B0BC4F4002FB6A9 /* Debug */,
				30FF6E332B0BC4F4002FB6A9 /* Release */,
			);
			defaultConfigurationIsVisible = 0;
			defaultConfigurationName = Release;
		};
		30FF6E342B0BC4F4002FB6A9 /* Build configuration list for PBXNativeTarget "CoreDataSumpleAppTests" */ = {
			isa = XCConfigurationList;
			buildConfigurations = (
				30FF6E352B0BC4F4002FB6A9 /* Debug */,
				30FF6E362B0BC4F4002FB6A9 /* Release */,
			);
			defaultConfigurationIsVisible = 0;
			defaultConfigurationName = Release;
		};
		30FF6E372B0BC4F4002FB6A9 /* Build configuration list for PBXNativeTarget "CoreDataSumpleAppUITests" */ = {
			isa = XCConfigurationList;
			buildConfigurations = (
				30FF6E382B0BC4F4002FB6A9 /* Debug */,
				30FF6E392B0BC4F4002FB6A9 /* Release */,
			);
			defaultConfigurationIsVisible = 0;
			defaultConfigurationName = Release;
		};
/* End XCConfigurationList section */

/* Begin XCVersionGroup section */
		30FF6E0F2B0BC4F3002FB6A9 /* CoreDataSumpleApp.xcdatamodeld */ = {
			isa = XCVersionGroup;
			children = (
				30FF6E102B0BC4F3002FB6A9 /* CoreDataSumpleApp.xcdatamodel */,
			);
			currentVersion = 30FF6E102B0BC4F3002FB6A9 /* CoreDataSumpleApp.xcdatamodel */;
			path = CoreDataSumpleApp.xcdatamodeld;
			sourceTree = "<group>";
			versionGroupType = wrapper.xcdatamodel;
		};
/* End XCVersionGroup section */
	};
	rootObject = 30FF6DFB2B0BC4F3002FB6A9 /* Project object */;
}
